
Microsoft Visual Studio Solution File, Format Version 12.00
# Visual Studio Version 17
VisualStudioVersion = 17.5.002.0
MinimumVisualStudioVersion = 10.0.40219.1
Project("{9A19103F-16F7-4668-BE54-9A1E7A4F7556}") = "TempCheck", "TempCheck.csproj", "{957289BC-DB17-4752-9C52-A5F25F54636E}"
EndProject
Global
	GlobalSection(SolutionConfigurationPlatforms) = preSolution
		Debug|Any CPU = Debug|Any CPU
		Release|Any CPU = Release|Any CPU
	EndGlobalSection
	GlobalSection(ProjectConfigurationPlatforms) = postSolution
		{957289BC-DB17-4752-9C52-A5F25F54636E}.Debug|Any CPU.ActiveCfg = Debug|Any CPU
		{957289BC-DB17-4752-9C52-A5F25F54636E}.Debug|Any CPU.Build.0 = Debug|Any CPU
		{957289BC-DB17-4752-9C52-A5F25F54636E}.Release|Any CPU.ActiveCfg = Release|Any CPU
		{957289BC-DB17-4752-9C52-A5F25F54636E}.Release|Any CPU.Build.0 = Release|Any CPU
	EndGlobalSection
	GlobalSection(SolutionProperties) = preSolution
		HideSolutionNode = FALSE
	EndGlobalSection
	GlobalSection(ExtensibilityGlobals) = postSolution
		SolutionGuid = {CA1D43EB-297D-46E7-962E-941CD33958B1}
	EndGlobalSection
EndGlobal
