
Microsoft Visual Studio Solution File, Format Version 12.00
# Visual Studio Version 17
VisualStudioVersion = 17.0.31903.59
MinimumVisualStudioVersion = 10.0.40219.1
Project("{FAE04EC0-301F-11D3-BF4B-00C04F79EFBC}") = "Unit1cLab", "..\..\..\blender-3.0.0-linux-x64\Unit1cLab\Unit1cLab.csproj", "{CA53BCD7-E039-4613-B003-5AF085947DEF}"
EndProject
Global
	GlobalSection(SolutionConfigurationPlatforms) = preSolution
		Debug|Any CPU = Debug|Any CPU
		Release|Any CPU = Release|Any CPU
	EndGlobalSection
	GlobalSection(SolutionProperties) = preSolution
		HideSolutionNode = FALSE
	EndGlobalSection
	GlobalSection(ProjectConfigurationPlatforms) = postSolution
		{CA53BCD7-E039-4613-B003-5AF085947DEF}.Debug|Any CPU.ActiveCfg = Debug|Any CPU
		{CA53BCD7-E039-4613-B003-5AF085947DEF}.Debug|Any CPU.Build.0 = Debug|Any CPU
		{CA53BCD7-E039-4613-B003-5AF085947DEF}.Release|Any CPU.ActiveCfg = Release|Any CPU
		{CA53BCD7-E039-4613-B003-5AF085947DEF}.Release|Any CPU.Build.0 = Release|Any CPU
	EndGlobalSection
EndGlobal
