
Microsoft Visual Studio Solution File, Format Version 12.00
# Visual Studio Version 17
VisualStudioVersion = 17.5.002.0
MinimumVisualStudioVersion = 10.0.40219.1
Project("{9A19103F-16F7-4668-BE54-9A1E7A4F7556}") = "Unit1cChallenge", "Unit1cChallenge.csproj", "{A9F565E7-0D7D-48F9-A16B-91C71E3D4263}"
EndProject
Global
	GlobalSection(SolutionConfigurationPlatforms) = preSolution
		Debug|Any CPU = Debug|Any CPU
		Release|Any CPU = Release|Any CPU
	EndGlobalSection
	GlobalSection(ProjectConfigurationPlatforms) = postSolution
		{A9F565E7-0D7D-48F9-A16B-91C71E3D4263}.Debug|Any CPU.ActiveCfg = Debug|Any CPU
		{A9F565E7-0D7D-48F9-A16B-91C71E3D4263}.Debug|Any CPU.Build.0 = Debug|Any CPU
		{A9F565E7-0D7D-48F9-A16B-91C71E3D4263}.Release|Any CPU.ActiveCfg = Release|Any CPU
		{A9F565E7-0D7D-48F9-A16B-91C71E3D4263}.Release|Any CPU.Build.0 = Release|Any CPU
	EndGlobalSection
	GlobalSection(SolutionProperties) = preSolution
		HideSolutionNode = FALSE
	EndGlobalSection
	GlobalSection(ExtensibilityGlobals) = postSolution
		SolutionGuid = {BFDCF4C7-EB69-4D27-AC2D-41358C322420}
	EndGlobalSection
EndGlobal
